
Microsoft Visual Studio Solution File, Format Version 12.00
# Visual Studio Version 16
VisualStudioVersion = 16.0.29418.71
MinimumVisualStudioVersion = 10.0.40219.1
Project("{FAE04EC0-301F-11D3-BF4B-00C04F79EFBC}") = "Elementalist.Entities", "Elementalist.Entities\Elementalist.Entities.csproj", "{E9040FC1-DA4F-4D30-8437-D60CAE14F14F}"
EndProject
Project("{FAE04EC0-301F-11D3-BF4B-00C04F79EFBC}") = "Elementalist.Core", "Elementalist.Core\Elementalist.Core.csproj", "{CC7F1B58-D07D-45F1-A013-276D7EFEA632}"
EndProject
Project("{FAE04EC0-301F-11D3-BF4B-00C04F79EFBC}") = "Elementalist.DataAccess", "Elementalist.DataAccess\Elementalist.DataAccess.csproj", "{3B0D40F7-D93F-43FA-8C6F-01DEC9AA1243}"
EndProject
Project("{FAE04EC0-301F-11D3-BF4B-00C04F79EFBC}") = "Elementalist.Business", "Elementalist.Business\Elementalist.Business.csproj", "{1565A531-5105-4B3E-96D0-6DC017754322}"
EndProject
Project("{FAE04EC0-301F-11D3-BF4B-00C04F79EFBC}") = "Elementalist.WebAPI", "Elementalist.WebAPI\Elementalist.WebAPI.csproj", "{DA900761-6AB9-4022-BB88-B6DFB43D884E}"
EndProject
Global
	GlobalSection(SolutionConfigurationPlatforms) = preSolution
		Debug|Any CPU = Debug|Any CPU
		Release|Any CPU = Release|Any CPU
	EndGlobalSection
	GlobalSection(ProjectConfigurationPlatforms) = postSolution
		{E9040FC1-DA4F-4D30-8437-D60CAE14F14F}.Debug|Any CPU.ActiveCfg = Debug|Any CPU
		{E9040FC1-DA4F-4D30-8437-D60CAE14F14F}.Debug|Any CPU.Build.0 = Debug|Any CPU
		{E9040FC1-DA4F-4D30-8437-D60CAE14F14F}.Release|Any CPU.ActiveCfg = Release|Any CPU
		{E9040FC1-DA4F-4D30-8437-D60CAE14F14F}.Release|Any CPU.Build.0 = Release|Any CPU
		{CC7F1B58-D07D-45F1-A013-276D7EFEA632}.Debug|Any CPU.ActiveCfg = Debug|Any CPU
		{CC7F1B58-D07D-45F1-A013-276D7EFEA632}.Debug|Any CPU.Build.0 = Debug|Any CPU
		{CC7F1B58-D07D-45F1-A013-276D7EFEA632}.Release|Any CPU.ActiveCfg = Release|Any CPU
		{CC7F1B58-D07D-45F1-A013-276D7EFEA632}.Release|Any CPU.Build.0 = Release|Any CPU
		{3B0D40F7-D93F-43FA-8C6F-01DEC9AA1243}.Debug|Any CPU.ActiveCfg = Debug|Any CPU
		{3B0D40F7-D93F-43FA-8C6F-01DEC9AA1243}.Debug|Any CPU.Build.0 = Debug|Any CPU
		{3B0D40F7-D93F-43FA-8C6F-01DEC9AA1243}.Release|Any CPU.ActiveCfg = Release|Any CPU
		{3B0D40F7-D93F-43FA-8C6F-01DEC9AA1243}.Release|Any CPU.Build.0 = Release|Any CPU
		{1565A531-5105-4B3E-96D0-6DC017754322}.Debug|Any CPU.ActiveCfg = Debug|Any CPU
		{1565A531-5105-4B3E-96D0-6DC017754322}.Debug|Any CPU.Build.0 = Debug|Any CPU
		{1565A531-5105-4B3E-96D0-6DC017754322}.Release|Any CPU.ActiveCfg = Release|Any CPU
		{1565A531-5105-4B3E-96D0-6DC017754322}.Release|Any CPU.Build.0 = Release|Any CPU
		{DA900761-6AB9-4022-BB88-B6DFB43D884E}.Debug|Any CPU.ActiveCfg = Debug|Any CPU
		{DA900761-6AB9-4022-BB88-B6DFB43D884E}.Debug|Any CPU.Build.0 = Debug|Any CPU
		{DA900761-6AB9-4022-BB88-B6DFB43D884E}.Release|Any CPU.ActiveCfg = Release|Any CPU
		{DA900761-6AB9-4022-BB88-B6DFB43D884E}.Release|Any CPU.Build.0 = Release|Any CPU
	EndGlobalSection
	GlobalSection(SolutionProperties) = preSolution
		HideSolutionNode = FALSE
	EndGlobalSection
	GlobalSection(ExtensibilityGlobals) = postSolution
		SolutionGuid = {7734D928-05C5-460E-AE7D-E4C52D8A6D2A}
	EndGlobalSection
EndGlobal
